
Microsoft Visual Studio Solution File, Format Version 12.00
# Visual Studio Version 17
VisualStudioVersion = 17.1.32328.378
MinimumVisualStudioVersion = 10.0.40219.1
Project("{9A19103F-16F7-4668-BE54-9A1E7A4F7556}") = "FCIM.Server", "FCIM\Server\FCIM.Server.csproj", "{20E0C27F-46FD-483A-B7BB-AD7EA5A5C74A}"
EndProject
Project("{9A19103F-16F7-4668-BE54-9A1E7A4F7556}") = "FCIM.Client", "FCIM\Client\FCIM.Client.csproj", "{96DD37CC-4096-4BAD-AC74-5348E25C9CA1}"
EndProject
Project("{9A19103F-16F7-4668-BE54-9A1E7A4F7556}") = "FCIM.Shared", "FCIM\Shared\FCIM.Shared.csproj", "{F3F6B92B-7B6F-43CD-B8A8-A16D4F9A1FFC}"
EndProject
Global
	GlobalSection(SolutionConfigurationPlatforms) = preSolution
		Debug|Any CPU = Debug|Any CPU
		Release|Any CPU = Release|Any CPU
	EndGlobalSection
	GlobalSection(ProjectConfigurationPlatforms) = postSolution
		{20E0C27F-46FD-483A-B7BB-AD7EA5A5C74A}.Debug|Any CPU.ActiveCfg = Debug|Any CPU
		{20E0C27F-46FD-483A-B7BB-AD7EA5A5C74A}.Debug|Any CPU.Build.0 = Debug|Any CPU
		{20E0C27F-46FD-483A-B7BB-AD7EA5A5C74A}.Release|Any CPU.ActiveCfg = Release|Any CPU
		{20E0C27F-46FD-483A-B7BB-AD7EA5A5C74A}.Release|Any CPU.Build.0 = Release|Any CPU
		{96DD37CC-4096-4BAD-AC74-5348E25C9CA1}.Debug|Any CPU.ActiveCfg = Debug|Any CPU
		{96DD37CC-4096-4BAD-AC74-5348E25C9CA1}.Debug|Any CPU.Build.0 = Debug|Any CPU
		{96DD37CC-4096-4BAD-AC74-5348E25C9CA1}.Release|Any CPU.ActiveCfg = Release|Any CPU
		{96DD37CC-4096-4BAD-AC74-5348E25C9CA1}.Release|Any CPU.Build.0 = Release|Any CPU
		{F3F6B92B-7B6F-43CD-B8A8-A16D4F9A1FFC}.Debug|Any CPU.ActiveCfg = Debug|Any CPU
		{F3F6B92B-7B6F-43CD-B8A8-A16D4F9A1FFC}.Debug|Any CPU.Build.0 = Debug|Any CPU
		{F3F6B92B-7B6F-43CD-B8A8-A16D4F9A1FFC}.Release|Any CPU.ActiveCfg = Release|Any CPU
		{F3F6B92B-7B6F-43CD-B8A8-A16D4F9A1FFC}.Release|Any CPU.Build.0 = Release|Any CPU
	EndGlobalSection
	GlobalSection(SolutionProperties) = preSolution
		HideSolutionNode = FALSE
	EndGlobalSection
	GlobalSection(ExtensibilityGlobals) = postSolution
		SolutionGuid = {16B22F1E-A066-43AE-9D18-66AA77D02BC6}
	EndGlobalSection
EndGlobal
